
Microsoft Visual Studio Solution File, Format Version 12.00
# Visual Studio Version 18
VisualStudioVersion = 18.4.11605.240
MinimumVisualStudioVersion = 10.0.40219.1
Project("{FAE04EC0-301F-11D3-BF4B-00C04F79EFBC}") = "PharmacyApp", "PharmacyApp\PharmacyApp.csproj", "{E86A7F56-BB6A-32B7-F60C-167474574CE3}"
EndProject
Project("{FAE04EC0-301F-11D3-BF4B-00C04F79EFBC}") = "PharmacyApp.Tests.Clean", "PharmacyApp.Tests.Clean\PharmacyApp.Tests.Clean.csproj", "{58BC4000-EEB6-4A07-8A04-6E59E4CA98A0}"
EndProject
Global
	GlobalSection(SolutionConfigurationPlatforms) = preSolution
		Debug|Any CPU = Debug|Any CPU
		Debug|ARM64 = Debug|ARM64
		Debug|x64 = Debug|x64
		Debug|x86 = Debug|x86
		Release|Any CPU = Release|Any CPU
		Release|ARM64 = Release|ARM64
		Release|x64 = Release|x64
		Release|x86 = Release|x86
	EndGlobalSection
	GlobalSection(ProjectConfigurationPlatforms) = postSolution
		{E86A7F56-BB6A-32B7-F60C-167474574CE3}.Debug|Any CPU.ActiveCfg = Debug|Any CPU
		{E86A7F56-BB6A-32B7-F60C-167474574CE3}.Debug|Any CPU.Build.0 = Debug|Any CPU
		{E86A7F56-BB6A-32B7-F60C-167474574CE3}.Debug|ARM64.ActiveCfg = Debug|ARM64
		{E86A7F56-BB6A-32B7-F60C-167474574CE3}.Debug|ARM64.Build.0 = Debug|ARM64
		{E86A7F56-BB6A-32B7-F60C-167474574CE3}.Debug|ARM64.Deploy.0 = Debug|ARM64
		{E86A7F56-BB6A-32B7-F60C-167474574CE3}.Debug|x64.ActiveCfg = Debug|x64
		{E86A7F56-BB6A-32B7-F60C-167474574CE3}.Debug|x64.Build.0 = Debug|x64
		{E86A7F56-BB6A-32B7-F60C-167474574CE3}.Debug|x64.Deploy.0 = Debug|x64
		{E86A7F56-BB6A-32B7-F60C-167474574CE3}.Debug|x86.ActiveCfg = Debug|x86
		{E86A7F56-BB6A-32B7-F60C-167474574CE3}.Debug|x86.Build.0 = Debug|x86
		{E86A7F56-BB6A-32B7-F60C-167474574CE3}.Debug|x86.Deploy.0 = Debug|x86
		{E86A7F56-BB6A-32B7-F60C-167474574CE3}.Release|Any CPU.ActiveCfg = Release|Any CPU
		{E86A7F56-BB6A-32B7-F60C-167474574CE3}.Release|Any CPU.Build.0 = Release|Any CPU
		{E86A7F56-BB6A-32B7-F60C-167474574CE3}.Release|ARM64.ActiveCfg = Release|ARM64
		{E86A7F56-BB6A-32B7-F60C-167474574CE3}.Release|ARM64.Build.0 = Release|ARM64
		{E86A7F56-BB6A-32B7-F60C-167474574CE3}.Release|ARM64.Deploy.0 = Release|ARM64
		{E86A7F56-BB6A-32B7-F60C-167474574CE3}.Release|x64.ActiveCfg = Release|x64
		{E86A7F56-BB6A-32B7-F60C-167474574CE3}.Release|x64.Build.0 = Release|x64
		{E86A7F56-BB6A-32B7-F60C-167474574CE3}.Release|x64.Deploy.0 = Release|x64
		{E86A7F56-BB6A-32B7-F60C-167474574CE3}.Release|x86.ActiveCfg = Release|x86
		{E86A7F56-BB6A-32B7-F60C-167474574CE3}.Release|x86.Build.0 = Release|x86
		{E86A7F56-BB6A-32B7-F60C-167474574CE3}.Release|x86.Deploy.0 = Release|x86
		{58BC4000-EEB6-4A07-8A04-6E59E4CA98A0}.Debug|Any CPU.ActiveCfg = Debug|Any CPU
		{58BC4000-EEB6-4A07-8A04-6E59E4CA98A0}.Debug|Any CPU.Build.0 = Debug|Any CPU
		{58BC4000-EEB6-4A07-8A04-6E59E4CA98A0}.Debug|ARM64.ActiveCfg = Debug|Any CPU
		{58BC4000-EEB6-4A07-8A04-6E59E4CA98A0}.Debug|ARM64.Build.0 = Debug|Any CPU
		{58BC4000-EEB6-4A07-8A04-6E59E4CA98A0}.Debug|x64.ActiveCfg = Debug|x64
		{58BC4000-EEB6-4A07-8A04-6E59E4CA98A0}.Debug|x64.Build.0 = Debug|x64
		{58BC4000-EEB6-4A07-8A04-6E59E4CA98A0}.Debug|x86.ActiveCfg = Debug|Any CPU
		{58BC4000-EEB6-4A07-8A04-6E59E4CA98A0}.Debug|x86.Build.0 = Debug|Any CPU
		{58BC4000-EEB6-4A07-8A04-6E59E4CA98A0}.Release|Any CPU.ActiveCfg = Release|Any CPU
		{58BC4000-EEB6-4A07-8A04-6E59E4CA98A0}.Release|Any CPU.Build.0 = Release|Any CPU
		{58BC4000-EEB6-4A07-8A04-6E59E4CA98A0}.Release|ARM64.ActiveCfg = Release|Any CPU
		{58BC4000-EEB6-4A07-8A04-6E59E4CA98A0}.Release|ARM64.Build.0 = Release|Any CPU
		{58BC4000-EEB6-4A07-8A04-6E59E4CA98A0}.Release|x64.ActiveCfg = Release|Any CPU
		{58BC4000-EEB6-4A07-8A04-6E59E4CA98A0}.Release|x64.Build.0 = Release|Any CPU
		{58BC4000-EEB6-4A07-8A04-6E59E4CA98A0}.Release|x86.ActiveCfg = Release|Any CPU
		{58BC4000-EEB6-4A07-8A04-6E59E4CA98A0}.Release|x86.Build.0 = Release|Any CPU
	EndGlobalSection
	GlobalSection(SolutionProperties) = preSolution
		HideSolutionNode = FALSE
	EndGlobalSection
	GlobalSection(ExtensibilityGlobals) = postSolution
		SolutionGuid = {AAF22165-7FFD-4956-8504-07C6E568B731}
	EndGlobalSection
EndGlobal
